
Microsoft Visual Studio Solution File, Format Version 12.00
# Visual Studio 15
VisualStudioVersion = 15.0.28307.271
MinimumVisualStudioVersion = 10.0.40219.1
Project("{FAE04EC0-301F-11D3-BF4B-00C04F79EFBC}") = "CosmosExample", "CosmosExample\CosmosExample.csproj", "{FDFBD72F-6447-4638-A20E-5B431BDD3BA4}"
EndProject
Global
	GlobalSection(SolutionConfigurationPlatforms) = preSolution
		Debug|Any CPU = Debug|Any CPU
		Release|Any CPU = Release|Any CPU
	EndGlobalSection
	GlobalSection(ProjectConfigurationPlatforms) = postSolution
		{FDFBD72F-6447-4638-A20E-5B431BDD3BA4}.Debug|Any CPU.ActiveCfg = Debug|Any CPU
		{FDFBD72F-6447-4638-A20E-5B431BDD3BA4}.Debug|Any CPU.Build.0 = Debug|Any CPU
		{FDFBD72F-6447-4638-A20E-5B431BDD3BA4}.Release|Any CPU.ActiveCfg = Release|Any CPU
		{FDFBD72F-6447-4638-A20E-5B431BDD3BA4}.Release|Any CPU.Build.0 = Release|Any CPU
	EndGlobalSection
	GlobalSection(SolutionProperties) = preSolution
		HideSolutionNode = FALSE
	EndGlobalSection
	GlobalSection(ExtensibilityGlobals) = postSolution
		SolutionGuid = {C150A773-CDF8-4B8B-8B75-C058F6673FA8}
	EndGlobalSection
EndGlobal
